
Microsoft Visual Studio Solution File, Format Version 12.00
# Visual Studio 15
VisualStudioVersion = 15.0.27130.2026
MinimumVisualStudioVersion = 10.0.40219.1
Project("{FAE04EC0-301F-11D3-BF4B-00C04F79EFBC}") = "CurrentWeatherDemo", "CurrentWeatherDemo\CurrentWeatherDemo.csproj", "{D7DE8852-8648-427F-BE3F-7E73C553CC56}"
EndProject
Project("{FAE04EC0-301F-11D3-BF4B-00C04F79EFBC}") = "Test.CurrentWeatherDemo", "Test.CurrentWeatherDemo\Test.CurrentWeatherDemo.csproj", "{F2A8ADDF-3C97-4E4C-ACA6-A104FA5EFBA6}"
EndProject
Global
	GlobalSection(SolutionConfigurationPlatforms) = preSolution
		Debug|Any CPU = Debug|Any CPU
		Release|Any CPU = Release|Any CPU
	EndGlobalSection
	GlobalSection(ProjectConfigurationPlatforms) = postSolution
		{D7DE8852-8648-427F-BE3F-7E73C553CC56}.Debug|Any CPU.ActiveCfg = Debug|Any CPU
		{D7DE8852-8648-427F-BE3F-7E73C553CC56}.Debug|Any CPU.Build.0 = Debug|Any CPU
		{D7DE8852-8648-427F-BE3F-7E73C553CC56}.Release|Any CPU.ActiveCfg = Release|Any CPU
		{D7DE8852-8648-427F-BE3F-7E73C553CC56}.Release|Any CPU.Build.0 = Release|Any CPU
		{F2A8ADDF-3C97-4E4C-ACA6-A104FA5EFBA6}.Debug|Any CPU.ActiveCfg = Debug|Any CPU
		{F2A8ADDF-3C97-4E4C-ACA6-A104FA5EFBA6}.Debug|Any CPU.Build.0 = Debug|Any CPU
		{F2A8ADDF-3C97-4E4C-ACA6-A104FA5EFBA6}.Release|Any CPU.ActiveCfg = Release|Any CPU
		{F2A8ADDF-3C97-4E4C-ACA6-A104FA5EFBA6}.Release|Any CPU.Build.0 = Release|Any CPU
	EndGlobalSection
	GlobalSection(SolutionProperties) = preSolution
		HideSolutionNode = FALSE
	EndGlobalSection
	GlobalSection(ExtensibilityGlobals) = postSolution
		SolutionGuid = {D88E4D8F-6B93-4549-AC46-C7A73285FE6D}
	EndGlobalSection
EndGlobal
